{
  "projects": [
    {
      "projectId": "28Ba3BDvRe7EiWdfFNnLB6",
      "version": "2.1.1",
      "dependencies": {},
      "lang": "ts",
      "fileLocks": [
        {
          "assetId": "28Ba3BDvRe7EiWdfFNnLB6",
          "type": "projectCss",
          "checksum": "45ad053e4d139f2fd68e52efbfa9ea55"
        }
      ],
      "codegenVersion": "0.0.1"
    },
    {
      "projectId": "r3ASNrnyvLLLAtDvzUioQ",
      "version": "3.0.0",
      "dependencies": {},
      "lang": "ts",
      "fileLocks": [
        {
          "assetId": "r3ASNrnyvLLLAtDvzUioQ",
          "type": "projectCss",
          "checksum": "d8141aa120a3c96f37aa5e000670b513"
        }
      ],
      "codegenVersion": "0.0.1"
    },
    {
      "projectId": "84wxoth5npGrp6RRXPL88z",
      "version": "4.0.1",
      "dependencies": {},
      "lang": "ts",
      "fileLocks": [
        {
          "assetId": "84wxoth5npGrp6RRXPL88z",
          "type": "projectCss",
          "checksum": "01850cf01b8150d0def605021bf21183"
        },
        {
          "assetId": "84wxoth5npGrp6RRXPL88z",
          "checksum": "96a6914c3505128734b325290a18cb2c",
          "type": "globalContexts"
        }
      ],
      "codegenVersion": "0.0.1"
    },
    {
      "projectId": "szjgMQpPpxhmkjnaBvZQJG",
      "version": "1.0.4",
      "dependencies": {},
      "lang": "ts",
      "fileLocks": [
        {
          "type": "globalVariant",
          "assetId": "ckLLdnw4lO",
          "checksum": "cc55311cbf027bd3c58f035249c4481a"
        },
        {
          "assetId": "szjgMQpPpxhmkjnaBvZQJG",
          "type": "projectCss",
          "checksum": "a2ad8cb9c08860bb52a14fb79165902b"
        }
      ],
      "codegenVersion": "0.0.1"
    },
    {
      "projectId": "8PtdGodUbexNYgkuyBUcWu",
      "version": "3.0.3",
      "dependencies": {},
      "lang": "ts",
      "fileLocks": [
        {
          "assetId": "8PtdGodUbexNYgkuyBUcWu",
          "type": "projectCss",
          "checksum": "894ec9383defdcbca38fafd0177820d0"
        },
        {
          "assetId": "8PtdGodUbexNYgkuyBUcWu",
          "checksum": "fa41d3feed8603b4046fe8873f43b009",
          "type": "globalContexts"
        }
      ],
      "codegenVersion": "0.0.1"
    },
    {
      "projectId": "7nJ7UcFmq9UzB6eXfC5z4a",
      "version": "0.0.2",
      "dependencies": {},
      "lang": "ts",
      "fileLocks": [
        {
          "assetId": "7nJ7UcFmq9UzB6eXfC5z4a",
          "type": "projectCss",
          "checksum": "4c1bff6877f5859384c28e6ba2bc0e9d"
        }
      ],
      "codegenVersion": "0.0.1"
    },
    {
      "projectId": "58GpZjZCWTaJ8AUhpCwt2K",
      "version": "2.1.2",
      "dependencies": {},
      "lang": "ts",
      "fileLocks": [
        {
          "assetId": "58GpZjZCWTaJ8AUhpCwt2K",
          "type": "projectCss",
          "checksum": "239dd58610862b4dfa857025b1ec938d"
        }
      ],
      "codegenVersion": "0.0.1"
    },
    {
      "projectId": "caTPwKxj5ZrD9LQ7DMdK4Z",
      "version": "2.2.1",
      "dependencies": {},
      "lang": "ts",
      "fileLocks": [
        {
          "type": "globalVariant",
          "assetId": "q2e6W8ulGYz",
          "checksum": "c0cddb7dd09c65236628d522d52af1a3"
        },
        {
          "assetId": "caTPwKxj5ZrD9LQ7DMdK4Z",
          "type": "projectCss",
          "checksum": "76fbdcd7e8474ef250a4b8274d17e9bb"
        }
      ],
      "codegenVersion": "0.0.1"
    },
    {
      "projectId": "hjKYmYi6HMwK6TRyk7ew5R",
      "version": "6.1.4",
      "dependencies": {},
      "lang": "ts",
      "fileLocks": [
        {
          "assetId": "hjKYmYi6HMwK6TRyk7ew5R",
          "type": "projectCss",
          "checksum": "ed9c389c650f2d5278a4e30bf8ea4405"
        },
        {
          "assetId": "hjKYmYi6HMwK6TRyk7ew5R",
          "checksum": "a5e2e0b0a2e5f40c2713b2640306e5ec",
          "type": "globalContexts"
        }
      ],
      "codegenVersion": "0.0.1"
    },
    {
      "projectId": "bFry1ML5XR1ujHJJdSKVcs",
      "version": "0.0.1",
      "dependencies": {
        "hjKYmYi6HMwK6TRyk7ew5R": "6.1.4",
        "caTPwKxj5ZrD9LQ7DMdK4Z": "2.2.1",
        "58GpZjZCWTaJ8AUhpCwt2K": "2.1.2",
        "7nJ7UcFmq9UzB6eXfC5z4a": "0.0.2",
        "8PtdGodUbexNYgkuyBUcWu": "3.0.3",
        "szjgMQpPpxhmkjnaBvZQJG": "1.0.4",
        "84wxoth5npGrp6RRXPL88z": "4.0.1",
        "r3ASNrnyvLLLAtDvzUioQ": "3.0.0",
        "28Ba3BDvRe7EiWdfFNnLB6": "2.1.1"
      },
      "lang": "ts",
      "fileLocks": [
        {
          "type": "globalVariant",
          "assetId": "dtAhV3Us7qyP7",
          "checksum": "f74678134831fca43c5df4b7b9c5e2dc"
        },
        {
          "assetId": "bFry1ML5XR1ujHJJdSKVcs",
          "type": "projectCss",
          "checksum": "1a1e3ef994be0cfd301a167ec5081d35"
        },
        {
          "assetId": "bFry1ML5XR1ujHJJdSKVcs",
          "checksum": "769e096673085fbd0a41da2c9ed42416",
          "type": "globalContexts"
        },
        {
          "type": "renderModule",
          "assetId": "8bUxs9HK1VH",
          "checksum": "54b814252b4f2c261627a24b8ef96b45"
        },
        {
          "type": "cssRules",
          "assetId": "8bUxs9HK1VH",
          "checksum": "54b814252b4f2c261627a24b8ef96b45"
        },
        {
          "type": "renderModule",
          "assetId": "sbVZc9YGdxY",
          "checksum": "d68babff5e1c4b1439eb225cd395d101"
        },
        {
          "type": "cssRules",
          "assetId": "sbVZc9YGdxY",
          "checksum": "d68babff5e1c4b1439eb225cd395d101"
        },
        {
          "type": "renderModule",
          "assetId": "7Z-ceKtKnNu",
          "checksum": "d6963f4f157ec0884b00ea2f17e630e8"
        },
        {
          "type": "cssRules",
          "assetId": "7Z-ceKtKnNu",
          "checksum": "d6963f4f157ec0884b00ea2f17e630e8"
        },
        {
          "type": "renderModule",
          "assetId": "x9X922RIm9H",
          "checksum": "e5be31833431a80e9bdf7617f4f58f83"
        },
        {
          "type": "cssRules",
          "assetId": "x9X922RIm9H",
          "checksum": "e5be31833431a80e9bdf7617f4f58f83"
        },
        {
          "type": "renderModule",
          "assetId": "BHBrHqJAQNB",
          "checksum": "306a508d0e57401da7a8d26fe08c342c"
        },
        {
          "type": "cssRules",
          "assetId": "BHBrHqJAQNB",
          "checksum": "306a508d0e57401da7a8d26fe08c342c"
        },
        {
          "type": "renderModule",
          "assetId": "BIAyqvxAhQxG",
          "checksum": "3faa1629f7c0525f3d95c75729983913"
        },
        {
          "type": "cssRules",
          "assetId": "BIAyqvxAhQxG",
          "checksum": "3faa1629f7c0525f3d95c75729983913"
        },
        {
          "type": "renderModule",
          "assetId": "xIAcZD5wjE5Z",
          "checksum": "7e6374c395ce163750f7d4cf2f0ab280"
        },
        {
          "type": "cssRules",
          "assetId": "xIAcZD5wjE5Z",
          "checksum": "7e6374c395ce163750f7d4cf2f0ab280"
        },
        {
          "type": "renderModule",
          "assetId": "3wHlcCTYmyQ-",
          "checksum": "1408f165fbe9868edf55cb0e0e4ffcb1"
        },
        {
          "type": "cssRules",
          "assetId": "3wHlcCTYmyQ-",
          "checksum": "1408f165fbe9868edf55cb0e0e4ffcb1"
        },
        {
          "type": "renderModule",
          "assetId": "FmoV6OissYUj",
          "checksum": "c3416c55f415bcd069d5c924132960a0"
        },
        {
          "type": "cssRules",
          "assetId": "FmoV6OissYUj",
          "checksum": "c3416c55f415bcd069d5c924132960a0"
        },
        {
          "type": "renderModule",
          "assetId": "0oDoyWBcshhm",
          "checksum": "f4f5646c6f119af32032097dae11e03a"
        },
        {
          "type": "cssRules",
          "assetId": "0oDoyWBcshhm",
          "checksum": "f4f5646c6f119af32032097dae11e03a"
        },
        {
          "type": "renderModule",
          "assetId": "rAKB-PB0bJnx",
          "checksum": "8184a0cbd876675f0f9f10a827d48b73"
        },
        {
          "type": "cssRules",
          "assetId": "rAKB-PB0bJnx",
          "checksum": "8184a0cbd876675f0f9f10a827d48b73"
        },
        {
          "type": "renderModule",
          "assetId": "ymQ_VZgdSMvX",
          "checksum": "6b9c5becd8ac082a8f6cec19b35e842c"
        },
        {
          "type": "cssRules",
          "assetId": "ymQ_VZgdSMvX",
          "checksum": "6b9c5becd8ac082a8f6cec19b35e842c"
        },
        {
          "type": "renderModule",
          "assetId": "MSO7FuGltAbU",
          "checksum": "d8c07a03ea5689d5bffde5cfc8f6edc8"
        },
        {
          "type": "cssRules",
          "assetId": "MSO7FuGltAbU",
          "checksum": "d8c07a03ea5689d5bffde5cfc8f6edc8"
        },
        {
          "type": "renderModule",
          "assetId": "F_Ugr1Q-8eSP",
          "checksum": "d5fd8a1c9cb4c86e211e7e4cb294dc8a"
        },
        {
          "type": "cssRules",
          "assetId": "F_Ugr1Q-8eSP",
          "checksum": "d5fd8a1c9cb4c86e211e7e4cb294dc8a"
        },
        {
          "type": "renderModule",
          "assetId": "W9n9GpA7ShNF",
          "checksum": "ac9fec0016e3a85f7714ac75fa8ef569"
        },
        {
          "type": "cssRules",
          "assetId": "W9n9GpA7ShNF",
          "checksum": "ac9fec0016e3a85f7714ac75fa8ef569"
        },
        {
          "type": "renderModule",
          "assetId": "oUXgrQk59ACL",
          "checksum": "f55906a311dd7cd1bf304c3f2fa1e390"
        },
        {
          "type": "cssRules",
          "assetId": "oUXgrQk59ACL",
          "checksum": "f55906a311dd7cd1bf304c3f2fa1e390"
        },
        {
          "type": "renderModule",
          "assetId": "zibwN6i2Rr8x",
          "checksum": "e08419d54e8e8295056655bf82be3130"
        },
        {
          "type": "cssRules",
          "assetId": "zibwN6i2Rr8x",
          "checksum": "e08419d54e8e8295056655bf82be3130"
        },
        {
          "type": "icon",
          "assetId": "FLodJSPx7iA",
          "checksum": "bcca146f6102226e7325994c987ffe57"
        },
        {
          "type": "icon",
          "assetId": "OHY0sRndsmu",
          "checksum": "8bffc2d9d77beaeb66af1f31a4a1221d"
        },
        {
          "type": "icon",
          "assetId": "Y2bQgOuUy8z",
          "checksum": "9739deef7c569099a4e6d52deb49769a"
        },
        {
          "type": "icon",
          "assetId": "mt3Fd7Zx_kA",
          "checksum": "26e84159c7bc748e287ef307361bc51b"
        },
        {
          "type": "icon",
          "assetId": "jl53ngLG8wG",
          "checksum": "96acdb75b12ff5774c9b5b0d908ccb04"
        },
        {
          "type": "icon",
          "assetId": "lT9E4hy6GF1",
          "checksum": "37129b1132e5edbb220e0e203c5b5bc1"
        },
        {
          "type": "icon",
          "assetId": "qkXlJZBOrBce",
          "checksum": "ecca97d102cda67e2fb7101cd579bbdf"
        },
        {
          "type": "icon",
          "assetId": "4yLICZYVLiB-",
          "checksum": "ce608ce103b0161b85ec2dd01068fd3e"
        },
        {
          "type": "icon",
          "assetId": "VJ8-XAyWRsqQ",
          "checksum": "9a41ea17b5e2188fa42aa7757d4f21c2"
        },
        {
          "type": "icon",
          "assetId": "XNKkWPucW9qx",
          "checksum": "7c543bd709b7a0c72cb5258aded469c2"
        },
        {
          "type": "icon",
          "assetId": "6RbjXxtuJL3R",
          "checksum": "0ead9547d95452ea42edec3facc3f266"
        },
        {
          "type": "icon",
          "assetId": "JBWFCcKZC5oB",
          "checksum": "2f397ccf25e0deb486769bb27376c047"
        },
        {
          "type": "icon",
          "assetId": "BvHeNgJYjPGX",
          "checksum": "8dde8613d6672a95e96dd87b42cb6201"
        },
        {
          "type": "icon",
          "assetId": "KagUrivbknPO",
          "checksum": "a7e93ecb96eb18122bfd3ac27f30f3f2"
        },
        {
          "type": "icon",
          "assetId": "bZwMDOJMJAi_",
          "checksum": "84cc593c5e503cdcddc600b06fc1f313"
        },
        {
          "type": "icon",
          "assetId": "fBWmlKZrIY-C",
          "checksum": "2a9ad14bc1a5e8e2377e5cf97e61e882"
        },
        {
          "type": "image",
          "assetId": "NCG0VRtUEbtJ",
          "checksum": "2a9f96866ed08e0384dc58e29d45d761"
        },
        {
          "type": "image",
          "assetId": "G4S23jqVT3qL",
          "checksum": "ea942e89b93ab0847092a01786676244"
        }
      ],
      "codegenVersion": "0.0.1"
    },
    {
      "projectId": "uHRmC1SQrkfdMqVjfGKf9u",
      "version": "latest",
      "dependencies": {
        "caTPwKxj5ZrD9LQ7DMdK4Z": "2.2.1",
        "hjKYmYi6HMwK6TRyk7ew5R": "6.1.4",
        "58GpZjZCWTaJ8AUhpCwt2K": "2.1.2",
        "7nJ7UcFmq9UzB6eXfC5z4a": "0.0.2",
        "8PtdGodUbexNYgkuyBUcWu": "3.0.3",
        "szjgMQpPpxhmkjnaBvZQJG": "1.0.4",
        "84wxoth5npGrp6RRXPL88z": "4.0.1",
        "bFry1ML5XR1ujHJJdSKVcs": "0.0.1",
        "r3ASNrnyvLLLAtDvzUioQ": "3.0.0",
        "28Ba3BDvRe7EiWdfFNnLB6": "2.1.1"
      },
      "lang": "ts",
      "fileLocks": [
        {
          "type": "globalVariant",
          "assetId": "xe6z4oYQgGkbgB",
          "checksum": "36c8a62884e3b3c25c2d2942989d3f10"
        },
        {
          "type": "globalVariant",
          "assetId": "lKV6MYIOf8ZKYv",
          "checksum": "4352687f5bc001d75e1a3533faedfe25"
        },
        {
          "type": "globalVariant",
          "assetId": "KpeHQxMnzy7Mpb",
          "checksum": "c1bf2d52dce1bfecd926acb10c74839a"
        },
        {
          "assetId": "uHRmC1SQrkfdMqVjfGKf9u",
          "checksum": "22fb00c54079cc8cfedf284e4a6a7f63",
          "type": "globalContexts"
        },
        {
          "type": "renderModule",
          "assetId": "dIjUc9Ag_ZBaG",
          "checksum": "a947bc3e3dc48cc82ae5d4166a7ee97a"
        },
        {
          "type": "cssRules",
          "assetId": "dIjUc9Ag_ZBaG",
          "checksum": "a947bc3e3dc48cc82ae5d4166a7ee97a"
        },
        {
          "type": "renderModule",
          "assetId": "juNpNRvw6PJRJ",
          "checksum": "1bf1a614551dd1f9983fa3edb4635f6b"
        },
        {
          "type": "cssRules",
          "assetId": "juNpNRvw6PJRJ",
          "checksum": "1bf1a614551dd1f9983fa3edb4635f6b"
        },
        {
          "type": "renderModule",
          "assetId": "QRAoC0EgvJgG6",
          "checksum": "4a609ea33ea3968e1da28946939aea33"
        },
        {
          "type": "cssRules",
          "assetId": "QRAoC0EgvJgG6",
          "checksum": "4a609ea33ea3968e1da28946939aea33"
        },
        {
          "type": "renderModule",
          "assetId": "cFRzk4goWo2_Nm",
          "checksum": "066420cf6d4787678e8c6b6a0948ae9b"
        },
        {
          "type": "cssRules",
          "assetId": "cFRzk4goWo2_Nm",
          "checksum": "066420cf6d4787678e8c6b6a0948ae9b"
        },
        {
          "type": "renderModule",
          "assetId": "OefAL3Aw-COiWL",
          "checksum": "2ae0f0a6478b3f823ded2b56809c3fe1"
        },
        {
          "type": "cssRules",
          "assetId": "OefAL3Aw-COiWL",
          "checksum": "2ae0f0a6478b3f823ded2b56809c3fe1"
        },
        {
          "type": "renderModule",
          "assetId": "Am0T50-t1kAded",
          "checksum": "918b7e32a67807b25eb9e84d03b24004"
        },
        {
          "type": "cssRules",
          "assetId": "Am0T50-t1kAded",
          "checksum": "918b7e32a67807b25eb9e84d03b24004"
        },
        {
          "type": "renderModule",
          "assetId": "VNFIRMJTctpIiZ",
          "checksum": "e1918134a6a718c51c9dfc0a004ed192"
        },
        {
          "type": "cssRules",
          "assetId": "VNFIRMJTctpIiZ",
          "checksum": "e1918134a6a718c51c9dfc0a004ed192"
        },
        {
          "type": "renderModule",
          "assetId": "XigrjzP0WSh8IZ",
          "checksum": "4ee8f15e3b14d1578580c6ac40b6c29f"
        },
        {
          "type": "cssRules",
          "assetId": "XigrjzP0WSh8IZ",
          "checksum": "4ee8f15e3b14d1578580c6ac40b6c29f"
        },
        {
          "type": "renderModule",
          "assetId": "9qvF8EbiZQKemF",
          "checksum": "4272c00f2fea2eaef2fb12d5ad2db701"
        },
        {
          "type": "cssRules",
          "assetId": "9qvF8EbiZQKemF",
          "checksum": "4272c00f2fea2eaef2fb12d5ad2db701"
        },
        {
          "type": "renderModule",
          "assetId": "vv-FUmdWgjNGov",
          "checksum": "c5f0906c1d062c7734719070cc719487"
        },
        {
          "type": "cssRules",
          "assetId": "vv-FUmdWgjNGov",
          "checksum": "c5f0906c1d062c7734719070cc719487"
        },
        {
          "type": "renderModule",
          "assetId": "D76PYThZLkOlj5",
          "checksum": "b3048126cbf42626cb2e89421ce0e215"
        },
        {
          "type": "cssRules",
          "assetId": "D76PYThZLkOlj5",
          "checksum": "b3048126cbf42626cb2e89421ce0e215"
        },
        {
          "type": "renderModule",
          "assetId": "P3nA8obphdgioX",
          "checksum": "07a31ab99e315cbde401dd576d394065"
        },
        {
          "type": "cssRules",
          "assetId": "P3nA8obphdgioX",
          "checksum": "07a31ab99e315cbde401dd576d394065"
        },
        {
          "type": "renderModule",
          "assetId": "5hHmsy_Q3GRqGM",
          "checksum": "9924a28dffa5d9f2e7da43cc49d6d67e"
        },
        {
          "type": "cssRules",
          "assetId": "5hHmsy_Q3GRqGM",
          "checksum": "9924a28dffa5d9f2e7da43cc49d6d67e"
        },
        {
          "type": "renderModule",
          "assetId": "HsPvkGMx3yKpeK",
          "checksum": "062c6e8f60f0722910896644963ec68e"
        },
        {
          "type": "cssRules",
          "assetId": "HsPvkGMx3yKpeK",
          "checksum": "062c6e8f60f0722910896644963ec68e"
        },
        {
          "type": "renderModule",
          "assetId": "AcQyntlRHBwn79",
          "checksum": "9caa5e50b2f5face3725214ceff4700b"
        },
        {
          "type": "cssRules",
          "assetId": "AcQyntlRHBwn79",
          "checksum": "9caa5e50b2f5face3725214ceff4700b"
        },
        {
          "type": "renderModule",
          "assetId": "H9tt-N11VYbEpv",
          "checksum": "2efd6bc568d250c1bef730d56839e051"
        },
        {
          "type": "cssRules",
          "assetId": "H9tt-N11VYbEpv",
          "checksum": "2efd6bc568d250c1bef730d56839e051"
        },
        {
          "type": "renderModule",
          "assetId": "gN7pnF8TwNmzHv",
          "checksum": "1c4344f780effb2ef4f9bff452581414"
        },
        {
          "type": "cssRules",
          "assetId": "gN7pnF8TwNmzHv",
          "checksum": "1c4344f780effb2ef4f9bff452581414"
        },
        {
          "type": "renderModule",
          "assetId": "bFxeWa77MgyS1h",
          "checksum": "033e05502a40add786e9cfc29044441c"
        },
        {
          "type": "cssRules",
          "assetId": "bFxeWa77MgyS1h",
          "checksum": "033e05502a40add786e9cfc29044441c"
        },
        {
          "type": "renderModule",
          "assetId": "eIUXHfvLiN3HP3",
          "checksum": "62d1c8a71f988c421e2c33ba5c62c6bb"
        },
        {
          "type": "cssRules",
          "assetId": "eIUXHfvLiN3HP3",
          "checksum": "62d1c8a71f988c421e2c33ba5c62c6bb"
        },
        {
          "type": "renderModule",
          "assetId": "rrz-suZaNpG1Ac",
          "checksum": "1f9e59a9dbe1dba6116677dcdbf88f97"
        },
        {
          "type": "cssRules",
          "assetId": "rrz-suZaNpG1Ac",
          "checksum": "1f9e59a9dbe1dba6116677dcdbf88f97"
        },
        {
          "type": "renderModule",
          "assetId": "2_LEVeodn2LkVu",
          "checksum": "6c1080758aa0646a09a81f784b68a2e4"
        },
        {
          "type": "cssRules",
          "assetId": "2_LEVeodn2LkVu",
          "checksum": "6c1080758aa0646a09a81f784b68a2e4"
        },
        {
          "type": "renderModule",
          "assetId": "DzQ1Cxjuuc37kr",
          "checksum": "f8e07837134c07957e97b3d4ffac555d"
        },
        {
          "type": "cssRules",
          "assetId": "DzQ1Cxjuuc37kr",
          "checksum": "f8e07837134c07957e97b3d4ffac555d"
        },
        {
          "type": "renderModule",
          "assetId": "KlY1otMQz07JRg",
          "checksum": "42965c6de26a2df2daa9507d6d5369e8"
        },
        {
          "type": "cssRules",
          "assetId": "KlY1otMQz07JRg",
          "checksum": "42965c6de26a2df2daa9507d6d5369e8"
        },
        {
          "type": "renderModule",
          "assetId": "mQRkM4cmowwPfP",
          "checksum": "80f3cfeb54d265a4741706753bd54101"
        },
        {
          "type": "cssRules",
          "assetId": "mQRkM4cmowwPfP",
          "checksum": "80f3cfeb54d265a4741706753bd54101"
        },
        {
          "type": "renderModule",
          "assetId": "VQoD-GsFScD4qB",
          "checksum": "a1c45ec4ae1f95cb4067e1dac784d240"
        },
        {
          "type": "cssRules",
          "assetId": "VQoD-GsFScD4qB",
          "checksum": "a1c45ec4ae1f95cb4067e1dac784d240"
        },
        {
          "type": "renderModule",
          "assetId": "tLoc9U0EyoHtZB",
          "checksum": "12cc3b4f6e9628c3cfb8cdcf0b646c5a"
        },
        {
          "type": "cssRules",
          "assetId": "tLoc9U0EyoHtZB",
          "checksum": "12cc3b4f6e9628c3cfb8cdcf0b646c5a"
        },
        {
          "type": "renderModule",
          "assetId": "xWH1w-negvEpKw",
          "checksum": "34f8e435ee550ce2fed942c8940c1cf8"
        },
        {
          "type": "cssRules",
          "assetId": "xWH1w-negvEpKw",
          "checksum": "34f8e435ee550ce2fed942c8940c1cf8"
        },
        {
          "type": "renderModule",
          "assetId": "B9FLT8oPZ9C43X",
          "checksum": "ebd824813a026f9a0f4d9bf48a6d1dc1"
        },
        {
          "type": "cssRules",
          "assetId": "B9FLT8oPZ9C43X",
          "checksum": "ebd824813a026f9a0f4d9bf48a6d1dc1"
        },
        {
          "type": "renderModule",
          "assetId": "ozAM-MtCORwPgF",
          "checksum": "566d46ff66d49b592b5309be27a7a424"
        },
        {
          "type": "cssRules",
          "assetId": "ozAM-MtCORwPgF",
          "checksum": "566d46ff66d49b592b5309be27a7a424"
        },
        {
          "type": "renderModule",
          "assetId": "B_NoenvngFrRGS",
          "checksum": "6a88cf7b627df76e4fe382084bf65349"
        },
        {
          "type": "cssRules",
          "assetId": "B_NoenvngFrRGS",
          "checksum": "6a88cf7b627df76e4fe382084bf65349"
        },
        {
          "type": "renderModule",
          "assetId": "Ld_cnPnN7W2o6G",
          "checksum": "7a64f3f508131d27ebe762d396a11151"
        },
        {
          "type": "cssRules",
          "assetId": "Ld_cnPnN7W2o6G",
          "checksum": "7a64f3f508131d27ebe762d396a11151"
        },
        {
          "type": "renderModule",
          "assetId": "nyb4DURAJwn3NM",
          "checksum": "af82dc225bc5d413232a63226c105cdd"
        },
        {
          "type": "cssRules",
          "assetId": "nyb4DURAJwn3NM",
          "checksum": "af82dc225bc5d413232a63226c105cdd"
        },
        {
          "type": "renderModule",
          "assetId": "o6A8HVpdskn2kO",
          "checksum": "063207a10bb19683da1892c2aacbfd73"
        },
        {
          "type": "cssRules",
          "assetId": "o6A8HVpdskn2kO",
          "checksum": "063207a10bb19683da1892c2aacbfd73"
        },
        {
          "type": "icon",
          "assetId": "gCRi2NAlpmA4WJ",
          "checksum": "d5d47f9b85e1720324963984ffcee595"
        },
        {
          "type": "icon",
          "assetId": "lenxLPcN_s1JCA",
          "checksum": "a040ac5707a18255389857aa21f8fe14"
        },
        {
          "type": "icon",
          "assetId": "IrRbElgn74r_qR",
          "checksum": "85d5ef8648a9cac161ad5ed09f186e01"
        },
        {
          "type": "icon",
          "assetId": "1802kydNKsv43S",
          "checksum": "2da9efe7b3af6ae8fb88a81815240e9e"
        },
        {
          "type": "icon",
          "assetId": "zoSbtFnvJ5sji4",
          "checksum": "3775dce5fa2145f3a0f0ceaf78819cd3"
        },
        {
          "type": "icon",
          "assetId": "Y8u2bYxodiYauD",
          "checksum": "7d3c6aa93ad3e4cf3431ca5c140e2896"
        },
        {
          "type": "icon",
          "assetId": "XNMF3iiSRAxQxk",
          "checksum": "84e760dffe5b5130de7712dc0fedea4d"
        },
        {
          "type": "icon",
          "assetId": "WSts9xq5xVQ-wG",
          "checksum": "5d68459a43a9a85116ee0c10d28d9ecc"
        },
        {
          "type": "icon",
          "assetId": "B1-JtpJsEMQooM",
          "checksum": "048226c4a7bd913660a66d24331f1576"
        },
        {
          "type": "icon",
          "assetId": "oTsPHHge7fDrR6",
          "checksum": "bd7f7a3e7132bfd0fc23bfb23b0359e3"
        },
        {
          "type": "icon",
          "assetId": "T_ibgnDsHlgCLF",
          "checksum": "9e876590a7f34f8b4d3507aa000a65e9"
        },
        {
          "type": "icon",
          "assetId": "-lvHe9UWv1Py4Z",
          "checksum": "36f7824799953498de7d963f66951a66"
        },
        {
          "type": "icon",
          "assetId": "0KhyeawtSIcc0n",
          "checksum": "dfd3fe760bda09f65b1b50ccaa5dd5c3"
        },
        {
          "type": "icon",
          "assetId": "fzMi5zsxhvnv3L",
          "checksum": "82a9545f6a00a01f7feaee1a6b04ce34"
        },
        {
          "type": "icon",
          "assetId": "CsH6p8R0QN-Aqz",
          "checksum": "0b667bc2e056086613f4d570fc28e06d"
        },
        {
          "type": "icon",
          "assetId": "ol3Q5welg3E-bE",
          "checksum": "d17936c15e475dbe900f298972c44787"
        },
        {
          "type": "icon",
          "assetId": "vC6l12JhjER9x9",
          "checksum": "0d9ef13d04c576f7e4ac65fe06ef1b55"
        },
        {
          "type": "icon",
          "assetId": "V9-fXVC3GD8ubn",
          "checksum": "564c9a0605434b50f92697aeb114812a"
        },
        {
          "type": "icon",
          "assetId": "Za6ysYytYSJTPR",
          "checksum": "80df0b457967cd8c9783e79caba800c8"
        },
        {
          "type": "icon",
          "assetId": "E5-wYW7gHkgxiY",
          "checksum": "c3e8ce3d9ae1813c81aff7e8bef7aec8"
        },
        {
          "type": "icon",
          "assetId": "r_Yl3giNSmk9sG",
          "checksum": "703af0fc17f5e2a324ffd94e17c8d8cf"
        },
        {
          "type": "icon",
          "assetId": "X5y2-rNKG2oaty",
          "checksum": "3a0d742c5d68ed0d340567fd44abd1b4"
        },
        {
          "type": "icon",
          "assetId": "Mr5axEh571LUti",
          "checksum": "cccd66a4d62679b8d3d1b561cd6240d6"
        },
        {
          "type": "icon",
          "assetId": "Bao1BqHe97l2Sg",
          "checksum": "577ea240c14d0d437dd35ccac5ceefb8"
        },
        {
          "type": "icon",
          "assetId": "zXoW85mfRZ1pQ6",
          "checksum": "126103d3d96cf117405211d187c54d91"
        },
        {
          "type": "icon",
          "assetId": "6iUr9qBAfHHPwr",
          "checksum": "c898f32a0d1c9ccbb8f2fcaa6b815095"
        },
        {
          "type": "icon",
          "assetId": "03oXJi_lLp1Cty",
          "checksum": "638d3826d8a9ea101fc184f553174ac4"
        },
        {
          "type": "icon",
          "assetId": "L4ZMw-hR0GLCfX",
          "checksum": "412883c0edbb30f1bd03e55a6a89f084"
        },
        {
          "type": "icon",
          "assetId": "QcTjdv0xnNHr9R",
          "checksum": "378d619af008500e1d25d61c59126413"
        },
        {
          "type": "icon",
          "assetId": "7grFGXJLGB6Gvd",
          "checksum": "0b29a5abc0008bd2e7b46eab4c447706"
        },
        {
          "type": "icon",
          "assetId": "df0g7W6K8fvMjM",
          "checksum": "80ce9be663b5d20ca532d650bce71b94"
        },
        {
          "type": "icon",
          "assetId": "KG08fx6g3XzC-R",
          "checksum": "1660b649c58e4fdc17005ca0e560b351"
        },
        {
          "type": "icon",
          "assetId": "upVgWCWQP-wGwy",
          "checksum": "70ed4649043ad779a42aa4c93a4755f0"
        },
        {
          "type": "icon",
          "assetId": "sa9rgZFmly7pfA",
          "checksum": "9efd1c164cbac641ee6c44e613dbcb7f"
        },
        {
          "type": "icon",
          "assetId": "Xxf64751efjFic",
          "checksum": "ef1d6ad79fadf653264368aade24ef66"
        },
        {
          "type": "icon",
          "assetId": "cJ2JEArT1Vrh8o",
          "checksum": "9c2d19e52cfa0faf8a7ea236a68ce1b9"
        },
        {
          "type": "icon",
          "assetId": "3HeYffXfvo4wCZ",
          "checksum": "c7571263d46dd867d6573ba4b8bd09f2"
        },
        {
          "type": "image",
          "assetId": "IMLQFXhs25LTp0",
          "checksum": "a2679ff8420ad010cae2bbe38d54b7e9"
        },
        {
          "type": "image",
          "assetId": "ofG2Duk7qjYbBo",
          "checksum": "35eae9b11dc53d70e2c12e57af6a734d"
        },
        {
          "type": "image",
          "assetId": "HgrJkIy2oqh26f",
          "checksum": "b5b3b9bbb55186e99eb476d1cd5b95f7"
        },
        {
          "type": "image",
          "assetId": "k9hmUcfK1ps9hd",
          "checksum": "fb53dae4dbd944118e4bd101376eb377"
        },
        {
          "type": "image",
          "assetId": "bLpa5jPyImvFZb",
          "checksum": "1238d44807a6fff28e9af44766099e15"
        },
        {
          "type": "image",
          "assetId": "dPMvITNNFX-Wxy",
          "checksum": "b698d2af8785c3f9ed3c6e059bbafd5e"
        },
        {
          "type": "image",
          "assetId": "5f_X3KxJxIhDW1",
          "checksum": "ffca74c4711336d115302ed5d9cad736"
        },
        {
          "type": "image",
          "assetId": "ChRwF4kQ9obEu3",
          "checksum": "ccfb40093c4ee7070c9db33cda626169"
        },
        {
          "assetId": "uHRmC1SQrkfdMqVjfGKf9u",
          "type": "projectCss",
          "checksum": "4d3b3f9e05a135bdbc69defae832631c"
        }
      ],
      "codegenVersion": "0.0.1"
    }
  ],
  "cliVersion": "0.1.182"
}
